{
  "name": "prism-live",
  "version": "1.0.0",
  "lockfileVersion": 1,
  "requires": true,
  "dependencies": {
    "blissfuljs": {
      "version": "1.0.6",
      "resolved": "https://registry.npmjs.org/blissfuljs/-/blissfuljs-1.0.6.tgz",
      "integrity": "sha512-w3Y8lLCxEbJLHaz6heiWuy06igu1mW4VAtOxUwd1CWyVxY3WcsnTm9F9MLQaEcn2ru9S4OWpkbE6WJfFL6rjjg=="
    }
  }
}
